{
  "nodes": {
    "flake-parts": {
      "inputs": {
        "nixpkgs-lib": [
          "nixpkgs"
        ]
      },
      "locked": {
        "lastModified": 1741352980,
        "narHash": "sha256-+u2UunDA4Cl5Fci3m7S643HzKmIDAe+fiXrLqYsR2fs=",
        "owner": "hercules-ci",
        "repo": "flake-parts",
        "rev": "f4330d22f1c5d2ba72d3d22df5597d123fdb60a9",
        "type": "github"
      },
      "original": {
        "owner": "hercules-ci",
        "repo": "flake-parts",
        "type": "github"
      }
    },
    "nixpkgs": {
      "locked": {
        "lastModified": 1741564025,
        "narHash": "sha256-cZmVA9XvIxbSW8XtnfVp77r2eYFWRvI2NEriGzyZgHU=",
        "owner": "NixOS",
        "repo": "nixpkgs",
        "rev": "0297a51c99c5fe3856864eefb15a0831223aacff",
        "type": "github"
      },
      "original": {
        "owner": "NixOS",
        "ref": "release-24.11",
        "repo": "nixpkgs",
        "type": "github"
      }
    },
    "nixpkgs-latest": {
      "locked": {
        "lastModified": 1741577841,
        "narHash": "sha256-LhQTW8l12XtBB2nHVKWiW3X+yz9hURmQgvop8ROPRtg=",
        "owner": "NixOS",
        "repo": "nixpkgs",
        "rev": "d3ea0717ca16c41219df2f2f8f3f81f2a31d7347",
        "type": "github"
      },
      "original": {
        "owner": "NixOS",
        "repo": "nixpkgs",
        "type": "github"
      }
    },
    "root": {
      "inputs": {
        "flake-parts": "flake-parts",
        "nixpkgs": "nixpkgs",
        "nixpkgs-latest": "nixpkgs-latest"
      }
    }
  },
  "root": "root",
  "version": 7
}
